
Microsoft Visual Studio Solution File, Format Version 12.00
# Visual Studio 15
VisualStudioVersion = 15.0.27130.2036
MinimumVisualStudioVersion = 10.0.40219.1
Project("{FAE04EC0-301F-11D3-BF4B-00C04F79EFBC}") = "内存管理示例", "内存管理示例\内存管理示例.csproj", "{E222C65C-4D80-4C9B-8D7D-B352123277AF}"
EndProject
Global
	GlobalSection(SolutionConfigurationPlatforms) = preSolution
		Debug|Any CPU = Debug|Any CPU
		Release|Any CPU = Release|Any CPU
	EndGlobalSection
	GlobalSection(ProjectConfigurationPlatforms) = postSolution
		{E222C65C-4D80-4C9B-8D7D-B352123277AF}.Debug|Any CPU.ActiveCfg = Debug|Any CPU
		{E222C65C-4D80-4C9B-8D7D-B352123277AF}.Debug|Any CPU.Build.0 = Debug|Any CPU
		{E222C65C-4D80-4C9B-8D7D-B352123277AF}.Release|Any CPU.ActiveCfg = Release|Any CPU
		{E222C65C-4D80-4C9B-8D7D-B352123277AF}.Release|Any CPU.Build.0 = Release|Any CPU
	EndGlobalSection
	GlobalSection(SolutionProperties) = preSolution
		HideSolutionNode = FALSE
	EndGlobalSection
	GlobalSection(ExtensibilityGlobals) = postSolution
		SolutionGuid = {FB20DA37-3DF8-42E6-9A68-C16EF31809E8}
	EndGlobalSection
EndGlobal
